
Microsoft Visual Studio Solution File, Format Version 12.00
# Visual Studio Version 17
VisualStudioVersion = 17.7.34024.191
MinimumVisualStudioVersion = 10.0.40219.1
Project("{9A19103F-16F7-4668-BE54-9A1E7A4F7556}") = "GeometricExtension", "GemetricExtension\GeometricExtension.csproj", "{768988A8-0326-4658-9DBA-776C5A6E81F4}"
EndProject
Project("{9A19103F-16F7-4668-BE54-9A1E7A4F7556}") = "GeometricExtensionDemo", "GeometricExtensionDemo\GeometricExtensionDemo.csproj", "{AAB20B61-9979-47F7-B12D-3F979917FAD3}"
EndProject
Global
	GlobalSection(SolutionConfigurationPlatforms) = preSolution
		Debug|Any CPU = Debug|Any CPU
		Release|Any CPU = Release|Any CPU
	EndGlobalSection
	GlobalSection(ProjectConfigurationPlatforms) = postSolution
		{768988A8-0326-4658-9DBA-776C5A6E81F4}.Debug|Any CPU.ActiveCfg = Debug|Any CPU
		{768988A8-0326-4658-9DBA-776C5A6E81F4}.Debug|Any CPU.Build.0 = Debug|Any CPU
		{768988A8-0326-4658-9DBA-776C5A6E81F4}.Release|Any CPU.ActiveCfg = Release|Any CPU
		{768988A8-0326-4658-9DBA-776C5A6E81F4}.Release|Any CPU.Build.0 = Release|Any CPU
		{AAB20B61-9979-47F7-B12D-3F979917FAD3}.Debug|Any CPU.ActiveCfg = Debug|Any CPU
		{AAB20B61-9979-47F7-B12D-3F979917FAD3}.Debug|Any CPU.Build.0 = Debug|Any CPU
		{AAB20B61-9979-47F7-B12D-3F979917FAD3}.Release|Any CPU.ActiveCfg = Release|Any CPU
		{AAB20B61-9979-47F7-B12D-3F979917FAD3}.Release|Any CPU.Build.0 = Release|Any CPU
	EndGlobalSection
	GlobalSection(SolutionProperties) = preSolution
		HideSolutionNode = FALSE
	EndGlobalSection
	GlobalSection(ExtensibilityGlobals) = postSolution
		SolutionGuid = {7C559A4E-D63E-4326-B529-8D3A4D02EA84}
	EndGlobalSection
EndGlobal
